
Microsoft Visual Studio Solution File, Format Version 12.00
Project("{2150E333-8FDC-42A3-9474-1A3956D46DE8}") = "Core", "Core", "{C96818CF-CB41-48A1-974B-A8C15BA840F9}"
EndProject
Project("{FAE04EC0-301F-11D3-BF4B-00C04F79EFBC}") = "ETicaretAPI.Domain", "Core\ETicaretAPI.Domain\ETicaretAPI.Domain.csproj", "{0AEDEB0D-1C7B-414A-B4BF-1B39A2490A37}"
EndProject
Project("{FAE04EC0-301F-11D3-BF4B-00C04F79EFBC}") = "ETicaretAPI.Application", "Core\ETicaretAPI.Application\ETicaretAPI.Application.csproj", "{E2BD19EA-27D6-4D7E-B3A4-86A47498E5C5}"
EndProject
Project("{2150E333-8FDC-42A3-9474-1A3956D46DE8}") = "Infrastructure", "Infrastructure", "{DF660779-D9D3-41ED-B606-EC252B97E654}"
EndProject
Project("{FAE04EC0-301F-11D3-BF4B-00C04F79EFBC}") = "ETicaretAPI.Infrastructure", "Infrastructure\ETicaretAPI.Infrastructure\ETicaretAPI.Infrastructure.csproj", "{4DA0CD77-E617-4991-BAF1-3581B03DE769}"
EndProject
Project("{FAE04EC0-301F-11D3-BF4B-00C04F79EFBC}") = "ETicaretAPI.Persistence", "Infrastructure\ETicaretAPI.Persistence\ETicaretAPI.Persistence.csproj", "{A717B2D5-7777-4D27-813B-64BD74F89B99}"
EndProject
Project("{2150E333-8FDC-42A3-9474-1A3956D46DE8}") = "Presentation", "Presentation", "{2CC05530-3D98-4079-95AB-10F58E646298}"
EndProject
Project("{FAE04EC0-301F-11D3-BF4B-00C04F79EFBC}") = "ETicaretAPI.API", "Presentation\ETicaretAPI.API\ETicaretAPI.API.csproj", "{3DC8CE06-68EF-45E3-AF83-50BD676C6214}"
EndProject
Global
	GlobalSection(SolutionConfigurationPlatforms) = preSolution
		Debug|Any CPU = Debug|Any CPU
		Release|Any CPU = Release|Any CPU
	EndGlobalSection
	GlobalSection(ProjectConfigurationPlatforms) = postSolution
		{0AEDEB0D-1C7B-414A-B4BF-1B39A2490A37}.Debug|Any CPU.ActiveCfg = Debug|Any CPU
		{0AEDEB0D-1C7B-414A-B4BF-1B39A2490A37}.Debug|Any CPU.Build.0 = Debug|Any CPU
		{0AEDEB0D-1C7B-414A-B4BF-1B39A2490A37}.Release|Any CPU.ActiveCfg = Release|Any CPU
		{0AEDEB0D-1C7B-414A-B4BF-1B39A2490A37}.Release|Any CPU.Build.0 = Release|Any CPU
		{E2BD19EA-27D6-4D7E-B3A4-86A47498E5C5}.Debug|Any CPU.ActiveCfg = Debug|Any CPU
		{E2BD19EA-27D6-4D7E-B3A4-86A47498E5C5}.Debug|Any CPU.Build.0 = Debug|Any CPU
		{E2BD19EA-27D6-4D7E-B3A4-86A47498E5C5}.Release|Any CPU.ActiveCfg = Release|Any CPU
		{E2BD19EA-27D6-4D7E-B3A4-86A47498E5C5}.Release|Any CPU.Build.0 = Release|Any CPU
		{4DA0CD77-E617-4991-BAF1-3581B03DE769}.Debug|Any CPU.ActiveCfg = Debug|Any CPU
		{4DA0CD77-E617-4991-BAF1-3581B03DE769}.Debug|Any CPU.Build.0 = Debug|Any CPU
		{4DA0CD77-E617-4991-BAF1-3581B03DE769}.Release|Any CPU.ActiveCfg = Release|Any CPU
		{4DA0CD77-E617-4991-BAF1-3581B03DE769}.Release|Any CPU.Build.0 = Release|Any CPU
		{A717B2D5-7777-4D27-813B-64BD74F89B99}.Debug|Any CPU.ActiveCfg = Debug|Any CPU
		{A717B2D5-7777-4D27-813B-64BD74F89B99}.Debug|Any CPU.Build.0 = Debug|Any CPU
		{A717B2D5-7777-4D27-813B-64BD74F89B99}.Release|Any CPU.ActiveCfg = Release|Any CPU
		{A717B2D5-7777-4D27-813B-64BD74F89B99}.Release|Any CPU.Build.0 = Release|Any CPU
		{3DC8CE06-68EF-45E3-AF83-50BD676C6214}.Debug|Any CPU.ActiveCfg = Debug|Any CPU
		{3DC8CE06-68EF-45E3-AF83-50BD676C6214}.Debug|Any CPU.Build.0 = Debug|Any CPU
		{3DC8CE06-68EF-45E3-AF83-50BD676C6214}.Release|Any CPU.ActiveCfg = Release|Any CPU
		{3DC8CE06-68EF-45E3-AF83-50BD676C6214}.Release|Any CPU.Build.0 = Release|Any CPU
	EndGlobalSection
	GlobalSection(NestedProjects) = preSolution
		{0AEDEB0D-1C7B-414A-B4BF-1B39A2490A37} = {C96818CF-CB41-48A1-974B-A8C15BA840F9}
		{E2BD19EA-27D6-4D7E-B3A4-86A47498E5C5} = {C96818CF-CB41-48A1-974B-A8C15BA840F9}
		{4DA0CD77-E617-4991-BAF1-3581B03DE769} = {DF660779-D9D3-41ED-B606-EC252B97E654}
		{A717B2D5-7777-4D27-813B-64BD74F89B99} = {DF660779-D9D3-41ED-B606-EC252B97E654}
		{3DC8CE06-68EF-45E3-AF83-50BD676C6214} = {2CC05530-3D98-4079-95AB-10F58E646298}
	EndGlobalSection
EndGlobal
